
Microsoft Visual Studio Solution File, Format Version 12.00
# Visual Studio Version 16
VisualStudioVersion = 16.0.30114.105
MinimumVisualStudioVersion = 10.0.40219.1
Project("{FAE04EC0-301F-11D3-BF4B-00C04F79EFBC}") = "ControllersAndActions", "ControllersAndActions\ControllersAndActions.csproj", "{8BE13065-4702-4259-9510-1947F33AC27E}"
EndProject
Global
	GlobalSection(SolutionConfigurationPlatforms) = preSolution
		Debug|Any CPU = Debug|Any CPU
		Release|Any CPU = Release|Any CPU
	EndGlobalSection
	GlobalSection(ProjectConfigurationPlatforms) = postSolution
		{8BE13065-4702-4259-9510-1947F33AC27E}.Debug|Any CPU.ActiveCfg = Debug|Any CPU
		{8BE13065-4702-4259-9510-1947F33AC27E}.Debug|Any CPU.Build.0 = Debug|Any CPU
		{8BE13065-4702-4259-9510-1947F33AC27E}.Release|Any CPU.ActiveCfg = Release|Any CPU
		{8BE13065-4702-4259-9510-1947F33AC27E}.Release|Any CPU.Build.0 = Release|Any CPU
	EndGlobalSection
	GlobalSection(SolutionProperties) = preSolution
		HideSolutionNode = FALSE
	EndGlobalSection
	GlobalSection(ExtensibilityGlobals) = postSolution
		SolutionGuid = {39AFB91A-F20B-460F-AC43-D5C5B17D8B92}
	EndGlobalSection
EndGlobal
